// !$*UTF8*$!
{
	archiveVersion = 1;
	classes = {
	};
	objectVersion = 56;
	objects = {

/* Begin PBXBuildFile section */
		C20B98782A73FB4900C34172 /* SimpleInlineTipScreen.swift in Sources */ = {isa = PBXBuildFile; fileRef = C20B98772A73FB4900C34172 /* SimpleInlineTipScreen.swift */; };
		C20B987A2A73FB5400C34172 /* SimpleInlineTip.swift in Sources */ = {isa = PBXBuildFile; fileRef = C20B98792A73FB5400C34172 /* SimpleInlineTip.swift */; };
		C21557232A75AC4000E59CA3 /* SimpleRuleTip.swift in Sources */ = {isa = PBXBuildFile; fileRef = C21557222A75AC4000E59CA3 /* SimpleRuleTip.swift */; };
		C21557262A75ADE500E59CA3 /* SimpleRuleTipScreen.swift in Sources */ = {isa = PBXBuildFile; fileRef = C21557252A75ADE500E59CA3 /* SimpleRuleTipScreen.swift */; };
		C21557282A75B36E00E59CA3 /* DualRuleTipScreen.swift in Sources */ = {isa = PBXBuildFile; fileRef = C21557272A75B36E00E59CA3 /* DualRuleTipScreen.swift */; };
		C215572A2A75B3AC00E59CA3 /* DualRuleTip.swift in Sources */ = {isa = PBXBuildFile; fileRef = C21557292A75B3AC00E59CA3 /* DualRuleTip.swift */; };
		C27A31D12A754787006861A6 /* ColoredTipScreen.swift in Sources */ = {isa = PBXBuildFile; fileRef = C27A31D02A754787006861A6 /* ColoredTipScreen.swift */; };
		C27A31D32A75478E006861A6 /* ColoredTip.swift in Sources */ = {isa = PBXBuildFile; fileRef = C27A31D22A75478E006861A6 /* ColoredTip.swift */; };
		C27A31D52A754C05006861A6 /* CornerRadiusTipScreen.swift in Sources */ = {isa = PBXBuildFile; fileRef = C27A31D42A754C05006861A6 /* CornerRadiusTipScreen.swift */; };
		C27A31D72A754C2D006861A6 /* CornerRadiusTip.swift in Sources */ = {isa = PBXBuildFile; fileRef = C27A31D62A754C2D006861A6 /* CornerRadiusTip.swift */; };
		C27A31D92A754E1F006861A6 /* PopOverWithActionsTip.swift in Sources */ = {isa = PBXBuildFile; fileRef = C27A31D82A754E1F006861A6 /* PopOverWithActionsTip.swift */; };
		C27A31DB2A754E32006861A6 /* PopOverWithActionsScreen.swift in Sources */ = {isa = PBXBuildFile; fileRef = C27A31DA2A754E32006861A6 /* PopOverWithActionsScreen.swift */; };
		C2BD50AD2A73DFFE00583432 /* SimplePopOverTipScreen.swift in Sources */ = {isa = PBXBuildFile; fileRef = C2BD50AC2A73DFFE00583432 /* SimplePopOverTipScreen.swift */; };
		C2BD50AF2A73E05B00583432 /* SimplePopOverTip.swift in Sources */ = {isa = PBXBuildFile; fileRef = C2BD50AE2A73E05B00583432 /* SimplePopOverTip.swift */; };
		C2D2A4442A32260E0032F7E7 /* TipKit_ExamplesApp.swift in Sources */ = {isa = PBXBuildFile; fileRef = C2D2A4432A32260E0032F7E7 /* TipKit_ExamplesApp.swift */; };
		C2D2A4482A32260E0032F7E7 /* ContentView.swift in Sources */ = {isa = PBXBuildFile; fileRef = C2D2A4472A32260E0032F7E7 /* ContentView.swift */; };
		C2D2A44A2A32260F0032F7E7 /* Assets.xcassets in Resources */ = {isa = PBXBuildFile; fileRef = C2D2A4492A32260F0032F7E7 /* Assets.xcassets */; };
		C2D2A44E2A32260F0032F7E7 /* Preview Assets.xcassets in Resources */ = {isa = PBXBuildFile; fileRef = C2D2A44D2A32260F0032F7E7 /* Preview Assets.xcassets */; };
/* End PBXBuildFile section */

/* Begin PBXFileReference section */
		C20B98772A73FB4900C34172 /* SimpleInlineTipScreen.swift */ = {isa = PBXFileReference; lastKnownFileType = sourcecode.swift; path = SimpleInlineTipScreen.swift; sourceTree = "<group>"; };
		C20B98792A73FB5400C34172 /* SimpleInlineTip.swift */ = {isa = PBXFileReference; lastKnownFileType = sourcecode.swift; path = SimpleInlineTip.swift; sourceTree = "<group>"; };
		C21557222A75AC4000E59CA3 /* SimpleRuleTip.swift */ = {isa = PBXFileReference; lastKnownFileType = sourcecode.swift; path = SimpleRuleTip.swift; sourceTree = "<group>"; };
		C21557252A75ADE500E59CA3 /* SimpleRuleTipScreen.swift */ = {isa = PBXFileReference; lastKnownFileType = sourcecode.swift; path = SimpleRuleTipScreen.swift; sourceTree = "<group>"; };
		C21557272A75B36E00E59CA3 /* DualRuleTipScreen.swift */ = {isa = PBXFileReference; lastKnownFileType = sourcecode.swift; path = DualRuleTipScreen.swift; sourceTree = "<group>"; };
		C21557292A75B3AC00E59CA3 /* DualRuleTip.swift */ = {isa = PBXFileReference; lastKnownFileType = sourcecode.swift; path = DualRuleTip.swift; sourceTree = "<group>"; };
		C27A31D02A754787006861A6 /* ColoredTipScreen.swift */ = {isa = PBXFileReference; lastKnownFileType = sourcecode.swift; path = ColoredTipScreen.swift; sourceTree = "<group>"; };
		C27A31D22A75478E006861A6 /* ColoredTip.swift */ = {isa = PBXFileReference; lastKnownFileType = sourcecode.swift; path = ColoredTip.swift; sourceTree = "<group>"; };
		C27A31D42A754C05006861A6 /* CornerRadiusTipScreen.swift */ = {isa = PBXFileReference; lastKnownFileType = sourcecode.swift; path = CornerRadiusTipScreen.swift; sourceTree = "<group>"; };
		C27A31D62A754C2D006861A6 /* CornerRadiusTip.swift */ = {isa = PBXFileReference; lastKnownFileType = sourcecode.swift; path = CornerRadiusTip.swift; sourceTree = "<group>"; };
		C27A31D82A754E1F006861A6 /* PopOverWithActionsTip.swift */ = {isa = PBXFileReference; lastKnownFileType = sourcecode.swift; path = PopOverWithActionsTip.swift; sourceTree = "<group>"; };
		C27A31DA2A754E32006861A6 /* PopOverWithActionsScreen.swift */ = {isa = PBXFileReference; lastKnownFileType = sourcecode.swift; path = PopOverWithActionsScreen.swift; sourceTree = "<group>"; };
		C2BD50AC2A73DFFE00583432 /* SimplePopOverTipScreen.swift */ = {isa = PBXFileReference; lastKnownFileType = sourcecode.swift; path = SimplePopOverTipScreen.swift; sourceTree = "<group>"; };
		C2BD50AE2A73E05B00583432 /* SimplePopOverTip.swift */ = {isa = PBXFileReference; lastKnownFileType = sourcecode.swift; path = SimplePopOverTip.swift; sourceTree = "<group>"; };
		C2D2A4402A32260E0032F7E7 /* TipKit Examples.app */ = {isa = PBXFileReference; explicitFileType = wrapper.application; includeInIndex = 0; path = "TipKit Examples.app"; sourceTree = BUILT_PRODUCTS_DIR; };
		C2D2A4432A32260E0032F7E7 /* TipKit_ExamplesApp.swift */ = {isa = PBXFileReference; lastKnownFileType = sourcecode.swift; path = TipKit_ExamplesApp.swift; sourceTree = "<group>"; };
		C2D2A4472A32260E0032F7E7 /* ContentView.swift */ = {isa = PBXFileReference; lastKnownFileType = sourcecode.swift; path = ContentView.swift; sourceTree = "<group>"; };
		C2D2A4492A32260F0032F7E7 /* Assets.xcassets */ = {isa = PBXFileReference; lastKnownFileType = folder.assetcatalog; path = Assets.xcassets; sourceTree = "<group>"; };
		C2D2A44B2A32260F0032F7E7 /* TipKit_Examples.entitlements */ = {isa = PBXFileReference; lastKnownFileType = text.plist.entitlements; path = TipKit_Examples.entitlements; sourceTree = "<group>"; };
		C2D2A44D2A32260F0032F7E7 /* Preview Assets.xcassets */ = {isa = PBXFileReference; lastKnownFileType = folder.assetcatalog; path = "Preview Assets.xcassets"; sourceTree = "<group>"; };
/* End PBXFileReference section */

/* Begin PBXFrameworksBuildPhase section */
		C2D2A43D2A32260E0032F7E7 /* Frameworks */ = {
			isa = PBXFrameworksBuildPhase;
			buildActionMask = 2147483647;
			files = (
			);
			runOnlyForDeploymentPostprocessing = 0;
		};
/* End PBXFrameworksBuildPhase section */

/* Begin PBXGroup section */
		C215571B2A75ABCD00E59CA3 /* Simple */ = {
			isa = PBXGroup;
			children = (
				C2BD50AE2A73E05B00583432 /* SimplePopOverTip.swift */,
				C20B98792A73FB5400C34172 /* SimpleInlineTip.swift */,
			);
			path = Simple;
			sourceTree = "<group>";
		};
		C215571C2A75ABD000E59CA3 /* Design */ = {
			isa = PBXGroup;
			children = (
				C27A31D22A75478E006861A6 /* ColoredTip.swift */,
				C27A31D62A754C2D006861A6 /* CornerRadiusTip.swift */,
			);
			path = Design;
			sourceTree = "<group>";
		};
		C215571D2A75ABEB00E59CA3 /* Actions */ = {
			isa = PBXGroup;
			children = (
				C27A31D82A754E1F006861A6 /* PopOverWithActionsTip.swift */,
			);
			path = Actions;
			sourceTree = "<group>";
		};
		C215571E2A75ABF800E59CA3 /* Simple */ = {
			isa = PBXGroup;
			children = (
				C2BD50AC2A73DFFE00583432 /* SimplePopOverTipScreen.swift */,
				C20B98772A73FB4900C34172 /* SimpleInlineTipScreen.swift */,
			);
			path = Simple;
			sourceTree = "<group>";
		};
		C215571F2A75ABFB00E59CA3 /* Design */ = {
			isa = PBXGroup;
			children = (
				C27A31D02A754787006861A6 /* ColoredTipScreen.swift */,
				C27A31D42A754C05006861A6 /* CornerRadiusTipScreen.swift */,
			);
			path = Design;
			sourceTree = "<group>";
		};
		C21557202A75ABFE00E59CA3 /* Actions */ = {
			isa = PBXGroup;
			children = (
				C27A31DA2A754E32006861A6 /* PopOverWithActionsScreen.swift */,
			);
			path = Actions;
			sourceTree = "<group>";
		};
		C21557212A75AC3400E59CA3 /* Rules */ = {
			isa = PBXGroup;
			children = (
				C21557222A75AC4000E59CA3 /* SimpleRuleTip.swift */,
				C21557292A75B3AC00E59CA3 /* DualRuleTip.swift */,
			);
			path = Rules;
			sourceTree = "<group>";
		};
		C21557242A75ADD500E59CA3 /* Rules */ = {
			isa = PBXGroup;
			children = (
				C21557252A75ADE500E59CA3 /* SimpleRuleTipScreen.swift */,
				C21557272A75B36E00E59CA3 /* DualRuleTipScreen.swift */,
			);
			path = Rules;
			sourceTree = "<group>";
		};
		C2BD50AA2A73DFED00583432 /* TipScreens */ = {
			isa = PBXGroup;
			children = (
				C215571E2A75ABF800E59CA3 /* Simple */,
				C215571F2A75ABFB00E59CA3 /* Design */,
				C21557202A75ABFE00E59CA3 /* Actions */,
				C21557242A75ADD500E59CA3 /* Rules */,
			);
			path = TipScreens;
			sourceTree = "<group>";
		};
		C2BD50AB2A73DFF300583432 /* Tips */ = {
			isa = PBXGroup;
			children = (
				C215571B2A75ABCD00E59CA3 /* Simple */,
				C215571C2A75ABD000E59CA3 /* Design */,
				C215571D2A75ABEB00E59CA3 /* Actions */,
				C21557212A75AC3400E59CA3 /* Rules */,
			);
			path = Tips;
			sourceTree = "<group>";
		};
		C2D2A4372A32260E0032F7E7 = {
			isa = PBXGroup;
			children = (
				C2D2A4422A32260E0032F7E7 /* TipKit Examples */,
				C2D2A4412A32260E0032F7E7 /* Products */,
			);
			sourceTree = "<group>";
		};
		C2D2A4412A32260E0032F7E7 /* Products */ = {
			isa = PBXGroup;
			children = (
				C2D2A4402A32260E0032F7E7 /* TipKit Examples.app */,
			);
			name = Products;
			sourceTree = "<group>";
		};
		C2D2A4422A32260E0032F7E7 /* TipKit Examples */ = {
			isa = PBXGroup;
			children = (
				C2D2A4432A32260E0032F7E7 /* TipKit_ExamplesApp.swift */,
				C2D2A4472A32260E0032F7E7 /* ContentView.swift */,
				C2BD50AB2A73DFF300583432 /* Tips */,
				C2BD50AA2A73DFED00583432 /* TipScreens */,
				C2D2A4492A32260F0032F7E7 /* Assets.xcassets */,
				C2D2A44B2A32260F0032F7E7 /* TipKit_Examples.entitlements */,
				C2D2A44C2A32260F0032F7E7 /* Preview Content */,
			);
			path = "TipKit Examples";
			sourceTree = "<group>";
		};
		C2D2A44C2A32260F0032F7E7 /* Preview Content */ = {
			isa = PBXGroup;
			children = (
				C2D2A44D2A32260F0032F7E7 /* Preview Assets.xcassets */,
			);
			path = "Preview Content";
			sourceTree = "<group>";
		};
/* End PBXGroup section */

/* Begin PBXNativeTarget section */
		C2D2A43F2A32260E0032F7E7 /* TipKit Examples */ = {
			isa = PBXNativeTarget;
			buildConfigurationList = C2D2A4512A32260F0032F7E7 /* Build configuration list for PBXNativeTarget "TipKit Examples" */;
			buildPhases = (
				C2D2A43C2A32260E0032F7E7 /* Sources */,
				C2D2A43D2A32260E0032F7E7 /* Frameworks */,
				C2D2A43E2A32260E0032F7E7 /* Resources */,
			);
			buildRules = (
			);
			dependencies = (
			);
			name = "TipKit Examples";
			productName = "TipKit Examples";
			productReference = C2D2A4402A32260E0032F7E7 /* TipKit Examples.app */;
			productType = "com.apple.product-type.application";
		};
/* End PBXNativeTarget section */

/* Begin PBXProject section */
		C2D2A4382A32260E0032F7E7 /* Project object */ = {
			isa = PBXProject;
			attributes = {
				BuildIndependentTargetsInParallel = 1;
				LastSwiftUpdateCheck = 1500;
				LastUpgradeCheck = 1500;
				TargetAttributes = {
					C2D2A43F2A32260E0032F7E7 = {
						CreatedOnToolsVersion = 15.0;
					};
				};
			};
			buildConfigurationList = C2D2A43B2A32260E0032F7E7 /* Build configuration list for PBXProject "TipKit Examples" */;
			compatibilityVersion = "Xcode 14.0";
			developmentRegion = en;
			hasScannedForEncodings = 0;
			knownRegions = (
				en,
				Base,
			);
			mainGroup = C2D2A4372A32260E0032F7E7;
			productRefGroup = C2D2A4412A32260E0032F7E7 /* Products */;
			projectDirPath = "";
			projectRoot = "";
			targets = (
				C2D2A43F2A32260E0032F7E7 /* TipKit Examples */,
			);
		};
/* End PBXProject section */

/* Begin PBXResourcesBuildPhase section */
		C2D2A43E2A32260E0032F7E7 /* Resources */ = {
			isa = PBXResourcesBuildPhase;
			buildActionMask = 2147483647;
			files = (
				C2D2A44E2A32260F0032F7E7 /* Preview Assets.xcassets in Resources */,
				C2D2A44A2A32260F0032F7E7 /* Assets.xcassets in Resources */,
			);
			runOnlyForDeploymentPostprocessing = 0;
		};
/* End PBXResourcesBuildPhase section */

/* Begin PBXSourcesBuildPhase section */
		C2D2A43C2A32260E0032F7E7 /* Sources */ = {
			isa = PBXSourcesBuildPhase;
			buildActionMask = 2147483647;
			files = (
				C27A31D72A754C2D006861A6 /* CornerRadiusTip.swift in Sources */,
				C27A31D32A75478E006861A6 /* ColoredTip.swift in Sources */,
				C27A31D12A754787006861A6 /* ColoredTipScreen.swift in Sources */,
				C2D2A4442A32260E0032F7E7 /* TipKit_ExamplesApp.swift in Sources */,
				C27A31DB2A754E32006861A6 /* PopOverWithActionsScreen.swift in Sources */,
				C2D2A4482A32260E0032F7E7 /* ContentView.swift in Sources */,
				C27A31D92A754E1F006861A6 /* PopOverWithActionsTip.swift in Sources */,
				C215572A2A75B3AC00E59CA3 /* DualRuleTip.swift in Sources */,
				C2BD50AD2A73DFFE00583432 /* SimplePopOverTipScreen.swift in Sources */,
				C2BD50AF2A73E05B00583432 /* SimplePopOverTip.swift in Sources */,
				C21557282A75B36E00E59CA3 /* DualRuleTipScreen.swift in Sources */,
				C27A31D52A754C05006861A6 /* CornerRadiusTipScreen.swift in Sources */,
				C20B987A2A73FB5400C34172 /* SimpleInlineTip.swift in Sources */,
				C21557262A75ADE500E59CA3 /* SimpleRuleTipScreen.swift in Sources */,
				C20B98782A73FB4900C34172 /* SimpleInlineTipScreen.swift in Sources */,
				C21557232A75AC4000E59CA3 /* SimpleRuleTip.swift in Sources */,
			);
			runOnlyForDeploymentPostprocessing = 0;
		};
/* End PBXSourcesBuildPhase section */

/* Begin XCBuildConfiguration section */
		C2D2A44F2A32260F0032F7E7 /* Debug */ = {
			isa = XCBuildConfiguration;
			buildSettings = {
				ALWAYS_SEARCH_USER_PATHS = NO;
				ASSETCATALOG_COMPILER_GENERATE_SWIFT_ASSET_SYMBOL_EXTENSIONS = YES;
				CLANG_ANALYZER_NONNULL = YES;
				CLANG_ANALYZER_NUMBER_OBJECT_CONVERSION = YES_AGGRESSIVE;
				CLANG_CXX_LANGUAGE_STANDARD = "gnu++20";
				CLANG_ENABLE_MODULES = YES;
				CLANG_ENABLE_OBJC_ARC = YES;
				CLANG_ENABLE_OBJC_WEAK = YES;
				CLANG_WARN_BLOCK_CAPTURE_AUTORELEASING = YES;
				CLANG_WARN_BOOL_CONVERSION = YES;
				CLANG_WARN_COMMA = YES;
				CLANG_WARN_CONSTANT_CONVERSION = YES;
				CLANG_WARN_DEPRECATED_OBJC_IMPLEMENTATIONS = YES;
				CLANG_WARN_DIRECT_OBJC_ISA_USAGE = YES_ERROR;
				CLANG_WARN_DOCUMENTATION_COMMENTS = YES;
				CLANG_WARN_EMPTY_BODY = YES;
				CLANG_WARN_ENUM_CONVERSION = YES;
				CLANG_WARN_INFINITE_RECURSION = YES;
				CLANG_WARN_INT_CONVERSION = YES;
				CLANG_WARN_NON_LITERAL_NULL_CONVERSION = YES;
				CLANG_WARN_OBJC_IMPLICIT_RETAIN_SELF = YES;
				CLANG_WARN_OBJC_LITERAL_CONVERSION = YES;
				CLANG_WARN_OBJC_ROOT_CLASS = YES_ERROR;
				CLANG_WARN_QUOTED_INCLUDE_IN_FRAMEWORK_HEADER = YES;
				CLANG_WARN_RANGE_LOOP_ANALYSIS = YES;
				CLANG_WARN_STRICT_PROTOTYPES = YES;
				CLANG_WARN_SUSPICIOUS_MOVE = YES;
				CLANG_WARN_UNGUARDED_AVAILABILITY = YES_AGGRESSIVE;
				CLANG_WARN_UNREACHABLE_CODE = YES;
				CLANG_WARN__DUPLICATE_METHOD_MATCH = YES;
				COPY_PHASE_STRIP = NO;
				DEBUG_INFORMATION_FORMAT = dwarf;
				ENABLE_STRICT_OBJC_MSGSEND = YES;
				ENABLE_TESTABILITY = YES;
				ENABLE_USER_SCRIPT_SANDBOXING = YES;
				GCC_C_LANGUAGE_STANDARD = gnu17;
				GCC_DYNAMIC_NO_PIC = NO;
				GCC_NO_COMMON_BLOCKS = YES;
				GCC_OPTIMIZATION_LEVEL = 0;
				GCC_PREPROCESSOR_DEFINITIONS = (
					"DEBUG=1",
					"$(inherited)",
				);
				GCC_WARN_64_TO_32_BIT_CONVERSION = YES;
				GCC_WARN_ABOUT_RETURN_TYPE = YES_ERROR;
				GCC_WARN_UNDECLARED_SELECTOR = YES;
				GCC_WARN_UNINITIALIZED_AUTOS = YES_AGGRESSIVE;
				GCC_WARN_UNUSED_FUNCTION = YES;
				GCC_WARN_UNUSED_VARIABLE = YES;
				LOCALIZATION_PREFERS_STRING_CATALOGS = YES;
				MTL_ENABLE_DEBUG_INFO = INCLUDE_SOURCE;
				MTL_FAST_MATH = YES;
				ONLY_ACTIVE_ARCH = YES;
				SWIFT_ACTIVE_COMPILATION_CONDITIONS = "DEBUG $(inherited)";
				SWIFT_OPTIMIZATION_LEVEL = "-Onone";
			};
			name = Debug;
		};
		C2D2A4502A32260F0032F7E7 /* Release */ = {
			isa = XCBuildConfiguration;
			buildSettings = {
				ALWAYS_SEARCH_USER_PATHS = NO;
				ASSETCATALOG_COMPILER_GENERATE_SWIFT_ASSET_SYMBOL_EXTENSIONS = YES;
				CLANG_ANALYZER_NONNULL = YES;
				CLANG_ANALYZER_NUMBER_OBJECT_CONVERSION = YES_AGGRESSIVE;
				CLANG_CXX_LANGUAGE_STANDARD = "gnu++20";
				CLANG_ENABLE_MODULES = YES;
				CLANG_ENABLE_OBJC_ARC = YES;
				CLANG_ENABLE_OBJC_WEAK = YES;
				CLANG_WARN_BLOCK_CAPTURE_AUTORELEASING = YES;
				CLANG_WARN_BOOL_CONVERSION = YES;
				CLANG_WARN_COMMA = YES;
				CLANG_WARN_CONSTANT_CONVERSION = YES;
				CLANG_WARN_DEPRECATED_OBJC_IMPLEMENTATIONS = YES;
				CLANG_WARN_DIRECT_OBJC_ISA_USAGE = YES_ERROR;
				CLANG_WARN_DOCUMENTATION_COMMENTS = YES;
				CLANG_WARN_EMPTY_BODY = YES;
				CLANG_WARN_ENUM_CONVERSION = YES;
				CLANG_WARN_INFINITE_RECURSION = YES;
				CLANG_WARN_INT_CONVERSION = YES;
				CLANG_WARN_NON_LITERAL_NULL_CONVERSION = YES;
				CLANG_WARN_OBJC_IMPLICIT_RETAIN_SELF = YES;
				CLANG_WARN_OBJC_LITERAL_CONVERSION = YES;
				CLANG_WARN_OBJC_ROOT_CLASS = YES_ERROR;
				CLANG_WARN_QUOTED_INCLUDE_IN_FRAMEWORK_HEADER = YES;
				CLANG_WARN_RANGE_LOOP_ANALYSIS = YES;
				CLANG_WARN_STRICT_PROTOTYPES = YES;
				CLANG_WARN_SUSPICIOUS_MOVE = YES;
				CLANG_WARN_UNGUARDED_AVAILABILITY = YES_AGGRESSIVE;
				CLANG_WARN_UNREACHABLE_CODE = YES;
				CLANG_WARN__DUPLICATE_METHOD_MATCH = YES;
				COPY_PHASE_STRIP = NO;
				DEBUG_INFORMATION_FORMAT = "dwarf-with-dsym";
				ENABLE_NS_ASSERTIONS = NO;
				ENABLE_STRICT_OBJC_MSGSEND = YES;
				ENABLE_USER_SCRIPT_SANDBOXING = YES;
				GCC_C_LANGUAGE_STANDARD = gnu17;
				GCC_NO_COMMON_BLOCKS = YES;
				GCC_WARN_64_TO_32_BIT_CONVERSION = YES;
				GCC_WARN_ABOUT_RETURN_TYPE = YES_ERROR;
				GCC_WARN_UNDECLARED_SELECTOR = YES;
				GCC_WARN_UNINITIALIZED_AUTOS = YES_AGGRESSIVE;
				GCC_WARN_UNUSED_FUNCTION = YES;
				GCC_WARN_UNUSED_VARIABLE = YES;
				LOCALIZATION_PREFERS_STRING_CATALOGS = YES;
				MTL_ENABLE_DEBUG_INFO = NO;
				MTL_FAST_MATH = YES;
				SWIFT_COMPILATION_MODE = wholemodule;
			};
			name = Release;
		};
		C2D2A4522A32260F0032F7E7 /* Debug */ = {
			isa = XCBuildConfiguration;
			buildSettings = {
				ASSETCATALOG_COMPILER_APPICON_NAME = AppIcon;
				ASSETCATALOG_COMPILER_GLOBAL_ACCENT_COLOR_NAME = AccentColor;
				CODE_SIGN_ENTITLEMENTS = "TipKit Examples/TipKit_Examples.entitlements";
				CODE_SIGN_STYLE = Automatic;
				CURRENT_PROJECT_VERSION = 1;
				DEVELOPMENT_ASSET_PATHS = "\"TipKit Examples/Preview Content\"";
				DEVELOPMENT_TEAM = 8Q7TMPA46J;
				ENABLE_HARDENED_RUNTIME = YES;
				ENABLE_PREVIEWS = YES;
				GENERATE_INFOPLIST_FILE = YES;
				INFOPLIST_KEY_LSApplicationCategoryType = "public.app-category.utilities";
				"INFOPLIST_KEY_UIApplicationSceneManifest_Generation[sdk=iphoneos*]" = YES;
				"INFOPLIST_KEY_UIApplicationSceneManifest_Generation[sdk=iphonesimulator*]" = YES;
				"INFOPLIST_KEY_UIApplicationSupportsIndirectInputEvents[sdk=iphoneos*]" = YES;
				"INFOPLIST_KEY_UIApplicationSupportsIndirectInputEvents[sdk=iphonesimulator*]" = YES;
				"INFOPLIST_KEY_UILaunchScreen_Generation[sdk=iphoneos*]" = YES;
				"INFOPLIST_KEY_UILaunchScreen_Generation[sdk=iphonesimulator*]" = YES;
				"INFOPLIST_KEY_UIStatusBarStyle[sdk=iphoneos*]" = UIStatusBarStyleDefault;
				"INFOPLIST_KEY_UIStatusBarStyle[sdk=iphonesimulator*]" = UIStatusBarStyleDefault;
				INFOPLIST_KEY_UISupportedInterfaceOrientations = UIInterfaceOrientationPortrait;
				INFOPLIST_KEY_UISupportedInterfaceOrientations_iPad = "UIInterfaceOrientationLandscapeLeft UIInterfaceOrientationLandscapeRight UIInterfaceOrientationPortrait UIInterfaceOrientationPortraitUpsideDown";
				IPHONEOS_DEPLOYMENT_TARGET = 17.0;
				LD_RUNPATH_SEARCH_PATHS = "@executable_path/Frameworks";
				"LD_RUNPATH_SEARCH_PATHS[sdk=macosx*]" = "@executable_path/../Frameworks";
				MACOSX_DEPLOYMENT_TARGET = 13.5;
				MARKETING_VERSION = 1.0;
				OTHER_SWIFT_FLAGS = "-external-plugin-path $(SYSTEM_DEVELOPER_DIR)/Platforms/iPhoneOS.platform/Developer/usr/lib/swift/host/plugins#$(SYSTEM_DEVELOPER_DIR)/Platforms/iPhoneOS.platform/Developer/usr/bin/swift-plugin-server";
				PRODUCT_BUNDLE_IDENTIFIER = "com.goodsnooze.TipKit-Examples";
				PRODUCT_NAME = "$(TARGET_NAME)";
				SDKROOT = auto;
				SUPPORTED_PLATFORMS = "iphoneos iphonesimulator";
				SUPPORTS_MACCATALYST = NO;
				SWIFT_EMIT_LOC_STRINGS = YES;
				SWIFT_VERSION = 5.0;
				TARGETED_DEVICE_FAMILY = 1;
			};
			name = Debug;
		};
		C2D2A4532A32260F0032F7E7 /* Release */ = {
			isa = XCBuildConfiguration;
			buildSettings = {
				ASSETCATALOG_COMPILER_APPICON_NAME = AppIcon;
				ASSETCATALOG_COMPILER_GLOBAL_ACCENT_COLOR_NAME = AccentColor;
				CODE_SIGN_ENTITLEMENTS = "TipKit Examples/TipKit_Examples.entitlements";
				CODE_SIGN_STYLE = Automatic;
				CURRENT_PROJECT_VERSION = 1;
				DEVELOPMENT_ASSET_PATHS = "\"TipKit Examples/Preview Content\"";
				DEVELOPMENT_TEAM = 8Q7TMPA46J;
				ENABLE_HARDENED_RUNTIME = YES;
				ENABLE_PREVIEWS = YES;
				GENERATE_INFOPLIST_FILE = YES;
				INFOPLIST_KEY_LSApplicationCategoryType = "public.app-category.utilities";
				"INFOPLIST_KEY_UIApplicationSceneManifest_Generation[sdk=iphoneos*]" = YES;
				"INFOPLIST_KEY_UIApplicationSceneManifest_Generation[sdk=iphonesimulator*]" = YES;
				"INFOPLIST_KEY_UIApplicationSupportsIndirectInputEvents[sdk=iphoneos*]" = YES;
				"INFOPLIST_KEY_UIApplicationSupportsIndirectInputEvents[sdk=iphonesimulator*]" = YES;
				"INFOPLIST_KEY_UILaunchScreen_Generation[sdk=iphoneos*]" = YES;
				"INFOPLIST_KEY_UILaunchScreen_Generation[sdk=iphonesimulator*]" = YES;
				"INFOPLIST_KEY_UIStatusBarStyle[sdk=iphoneos*]" = UIStatusBarStyleDefault;
				"INFOPLIST_KEY_UIStatusBarStyle[sdk=iphonesimulator*]" = UIStatusBarStyleDefault;
				INFOPLIST_KEY_UISupportedInterfaceOrientations = UIInterfaceOrientationPortrait;
				INFOPLIST_KEY_UISupportedInterfaceOrientations_iPad = "UIInterfaceOrientationLandscapeLeft UIInterfaceOrientationLandscapeRight UIInterfaceOrientationPortrait UIInterfaceOrientationPortraitUpsideDown";
				IPHONEOS_DEPLOYMENT_TARGET = 17.0;
				LD_RUNPATH_SEARCH_PATHS = "@executable_path/Frameworks";
				"LD_RUNPATH_SEARCH_PATHS[sdk=macosx*]" = "@executable_path/../Frameworks";
				MACOSX_DEPLOYMENT_TARGET = 13.5;
				MARKETING_VERSION = 1.0;
				OTHER_SWIFT_FLAGS = "-external-plugin-path $(SYSTEM_DEVELOPER_DIR)/Platforms/iPhoneOS.platform/Developer/usr/lib/swift/host/plugins#$(SYSTEM_DEVELOPER_DIR)/Platforms/iPhoneOS.platform/Developer/usr/bin/swift-plugin-server";
				PRODUCT_BUNDLE_IDENTIFIER = "com.goodsnooze.TipKit-Examples";
				PRODUCT_NAME = "$(TARGET_NAME)";
				SDKROOT = auto;
				SUPPORTED_PLATFORMS = "iphoneos iphonesimulator";
				SUPPORTS_MACCATALYST = NO;
				SWIFT_EMIT_LOC_STRINGS = YES;
				SWIFT_VERSION = 5.0;
				TARGETED_DEVICE_FAMILY = 1;
			};
			name = Release;
		};
/* End XCBuildConfiguration section */

/* Begin XCConfigurationList section */
		C2D2A43B2A32260E0032F7E7 /* Build configuration list for PBXProject "TipKit Examples" */ = {
			isa = XCConfigurationList;
			buildConfigurations = (
				C2D2A44F2A32260F0032F7E7 /* Debug */,
				C2D2A4502A32260F0032F7E7 /* Release */,
			);
			defaultConfigurationIsVisible = 0;
			defaultConfigurationName = Release;
		};
		C2D2A4512A32260F0032F7E7 /* Build configuration list for PBXNativeTarget "TipKit Examples" */ = {
			isa = XCConfigurationList;
			buildConfigurations = (
				C2D2A4522A32260F0032F7E7 /* Debug */,
				C2D2A4532A32260F0032F7E7 /* Release */,
			);
			defaultConfigurationIsVisible = 0;
			defaultConfigurationName = Release;
		};
/* End XCConfigurationList section */
	};
	rootObject = C2D2A4382A32260E0032F7E7 /* Project object */;
}
